// !$*UTF8*$!
{
	archiveVersion = 1;
	classes = {
	};
	objectVersion = 50;
	objects = {

/* Begin PBXBuildFile section */
		2B43023A2283CC2900BD0E0D /* NewActivityPlugin.swift in Sources */ = {isa = PBXBuildFile; fileRef = 2B4302392283CC2900BD0E0D /* NewActivityPlugin.swift */; };
		2B43023D22840D9000BD0E0D /* MyResponse.swift in Sources */ = {isa = PBXBuildFile; fileRef = 2B43023C22840D9000BD0E0D /* MyResponse.swift */; };
		6D6EC43524FE469ED4D1508E /* Pods_MoyaDemo.framework in Frameworks */ = {isa = PBXBuildFile; fileRef = A6569695E0D94A80564D1C17 /* Pods_MoyaDemo.framework */; };
		CD7F57F52281C8BC003E1D8D /* AppDelegate.swift in Sources */ = {isa = PBXBuildFile; fileRef = CD7F57F42281C8BC003E1D8D /* AppDelegate.swift */; };
		CD7F57F72281C8BC003E1D8D /* ViewController.swift in Sources */ = {isa = PBXBuildFile; fileRef = CD7F57F62281C8BC003E1D8D /* ViewController.swift */; };
		CD7F57FA2281C8BC003E1D8D /* Main.storyboard in Resources */ = {isa = PBXBuildFile; fileRef = CD7F57F82281C8BC003E1D8D /* Main.storyboard */; };
		CD7F57FC2281C8BD003E1D8D /* Assets.xcassets in Resources */ = {isa = PBXBuildFile; fileRef = CD7F57FB2281C8BD003E1D8D /* Assets.xcassets */; };
		CD7F57FF2281C8BD003E1D8D /* LaunchScreen.storyboard in Resources */ = {isa = PBXBuildFile; fileRef = CD7F57FD2281C8BD003E1D8D /* LaunchScreen.storyboard */; };
		CD7F580A2281C8BD003E1D8D /* MoyaDemoTests.swift in Sources */ = {isa = PBXBuildFile; fileRef = CD7F58092281C8BD003E1D8D /* MoyaDemoTests.swift */; };
		CD7F58152281C8BD003E1D8D /* MoyaDemoUITests.swift in Sources */ = {isa = PBXBuildFile; fileRef = CD7F58142281C8BD003E1D8D /* MoyaDemoUITests.swift */; };
		CD7F5823228283C7003E1D8D /* UserModuleAPI.swift in Sources */ = {isa = PBXBuildFile; fileRef = CD7F5822228283C7003E1D8D /* UserModuleAPI.swift */; };
		CD7F58282282BC68003E1D8D /* Server.swift in Sources */ = {isa = PBXBuildFile; fileRef = CD7F58272282BC68003E1D8D /* Server.swift */; };
		CD7F582A2282DBE8003E1D8D /* MyServerType.swift in Sources */ = {isa = PBXBuildFile; fileRef = CD7F58292282DBE8003E1D8D /* MyServerType.swift */; };
		CD7F582C2282EDD1003E1D8D /* Network.swift in Sources */ = {isa = PBXBuildFile; fileRef = CD7F582B2282EDD1003E1D8D /* Network.swift */; };
		CD7F582E2283157E003E1D8D /* CommonAPI.swift in Sources */ = {isa = PBXBuildFile; fileRef = CD7F582D2283157E003E1D8D /* CommonAPI.swift */; };
/* End PBXBuildFile section */

/* Begin PBXContainerItemProxy section */
		CD7F58062281C8BD003E1D8D /* PBXContainerItemProxy */ = {
			isa = PBXContainerItemProxy;
			containerPortal = CD7F57E92281C8BC003E1D8D /* Project object */;
			proxyType = 1;
			remoteGlobalIDString = CD7F57F02281C8BC003E1D8D;
			remoteInfo = MoyaDemo;
		};
		CD7F58112281C8BD003E1D8D /* PBXContainerItemProxy */ = {
			isa = PBXContainerItemProxy;
			containerPortal = CD7F57E92281C8BC003E1D8D /* Project object */;
			proxyType = 1;
			remoteGlobalIDString = CD7F57F02281C8BC003E1D8D;
			remoteInfo = MoyaDemo;
		};
/* End PBXContainerItemProxy section */

/* Begin PBXFileReference section */
		2B4302392283CC2900BD0E0D /* NewActivityPlugin.swift */ = {isa = PBXFileReference; lastKnownFileType = sourcecode.swift; path = NewActivityPlugin.swift; sourceTree = "<group>"; };
		2B43023C22840D9000BD0E0D /* MyResponse.swift */ = {isa = PBXFileReference; lastKnownFileType = sourcecode.swift; path = MyResponse.swift; sourceTree = "<group>"; };
		A6569695E0D94A80564D1C17 /* Pods_MoyaDemo.framework */ = {isa = PBXFileReference; explicitFileType = wrapper.framework; includeInIndex = 0; path = Pods_MoyaDemo.framework; sourceTree = BUILT_PRODUCTS_DIR; };
		CD7F57F12281C8BC003E1D8D /* MoyaDemo.app */ = {isa = PBXFileReference; explicitFileType = wrapper.application; includeInIndex = 0; path = MoyaDemo.app; sourceTree = BUILT_PRODUCTS_DIR; };
		CD7F57F42281C8BC003E1D8D /* AppDelegate.swift */ = {isa = PBXFileReference; lastKnownFileType = sourcecode.swift; path = AppDelegate.swift; sourceTree = "<group>"; };
		CD7F57F62281C8BC003E1D8D /* ViewController.swift */ = {isa = PBXFileReference; lastKnownFileType = sourcecode.swift; path = ViewController.swift; sourceTree = "<group>"; };
		CD7F57F92281C8BC003E1D8D /* Base */ = {isa = PBXFileReference; lastKnownFileType = file.storyboard; name = Base; path = Base.lproj/Main.storyboard; sourceTree = "<group>"; };
		CD7F57FB2281C8BD003E1D8D /* Assets.xcassets */ = {isa = PBXFileReference; lastKnownFileType = folder.assetcatalog; path = Assets.xcassets; sourceTree = "<group>"; };
		CD7F57FE2281C8BD003E1D8D /* Base */ = {isa = PBXFileReference; lastKnownFileType = file.storyboard; name = Base; path = Base.lproj/LaunchScreen.storyboard; sourceTree = "<group>"; };
		CD7F58002281C8BD003E1D8D /* Info.plist */ = {isa = PBXFileReference; lastKnownFileType = text.plist.xml; path = Info.plist; sourceTree = "<group>"; };
		CD7F58052281C8BD003E1D8D /* MoyaDemoTests.xctest */ = {isa = PBXFileReference; explicitFileType = wrapper.cfbundle; includeInIndex = 0; path = MoyaDemoTests.xctest; sourceTree = BUILT_PRODUCTS_DIR; };
		CD7F58092281C8BD003E1D8D /* MoyaDemoTests.swift */ = {isa = PBXFileReference; lastKnownFileType = sourcecode.swift; path = MoyaDemoTests.swift; sourceTree = "<group>"; };
		CD7F580B2281C8BD003E1D8D /* Info.plist */ = {isa = PBXFileReference; lastKnownFileType = text.plist.xml; path = Info.plist; sourceTree = "<group>"; };
		CD7F58102281C8BD003E1D8D /* MoyaDemoUITests.xctest */ = {isa = PBXFileReference; explicitFileType = wrapper.cfbundle; includeInIndex = 0; path = MoyaDemoUITests.xctest; sourceTree = BUILT_PRODUCTS_DIR; };
		CD7F58142281C8BD003E1D8D /* MoyaDemoUITests.swift */ = {isa = PBXFileReference; lastKnownFileType = sourcecode.swift; path = MoyaDemoUITests.swift; sourceTree = "<group>"; };
		CD7F58162281C8BD003E1D8D /* Info.plist */ = {isa = PBXFileReference; lastKnownFileType = text.plist.xml; path = Info.plist; sourceTree = "<group>"; };
		CD7F5822228283C7003E1D8D /* UserModuleAPI.swift */ = {isa = PBXFileReference; lastKnownFileType = sourcecode.swift; path = UserModuleAPI.swift; sourceTree = "<group>"; };
		CD7F58272282BC68003E1D8D /* Server.swift */ = {isa = PBXFileReference; lastKnownFileType = sourcecode.swift; path = Server.swift; sourceTree = "<group>"; };
		CD7F58292282DBE8003E1D8D /* MyServerType.swift */ = {isa = PBXFileReference; lastKnownFileType = sourcecode.swift; path = MyServerType.swift; sourceTree = "<group>"; };
		CD7F582B2282EDD1003E1D8D /* Network.swift */ = {isa = PBXFileReference; lastKnownFileType = sourcecode.swift; path = Network.swift; sourceTree = "<group>"; };
		CD7F582D2283157E003E1D8D /* CommonAPI.swift */ = {isa = PBXFileReference; lastKnownFileType = sourcecode.swift; path = CommonAPI.swift; sourceTree = "<group>"; };
		CDFDF817CB96EEBF3D023DA5 /* Pods-MoyaDemo.debug.xcconfig */ = {isa = PBXFileReference; includeInIndex = 1; lastKnownFileType = text.xcconfig; name = "Pods-MoyaDemo.debug.xcconfig"; path = "Pods/Target Support Files/Pods-MoyaDemo/Pods-MoyaDemo.debug.xcconfig"; sourceTree = "<group>"; };
		F110C8930368D52F296B014E /* Pods-MoyaDemo.release.xcconfig */ = {isa = PBXFileReference; includeInIndex = 1; lastKnownFileType = text.xcconfig; name = "Pods-MoyaDemo.release.xcconfig"; path = "Pods/Target Support Files/Pods-MoyaDemo/Pods-MoyaDemo.release.xcconfig"; sourceTree = "<group>"; };
/* End PBXFileReference section */

/* Begin PBXFrameworksBuildPhase section */
		CD7F57EE2281C8BC003E1D8D /* Frameworks */ = {
			isa = PBXFrameworksBuildPhase;
			buildActionMask = 2147483647;
			files = (
				6D6EC43524FE469ED4D1508E /* Pods_MoyaDemo.framework in Frameworks */,
			);
			runOnlyForDeploymentPostprocessing = 0;
		};
		CD7F58022281C8BD003E1D8D /* Frameworks */ = {
			isa = PBXFrameworksBuildPhase;
			buildActionMask = 2147483647;
			files = (
			);
			runOnlyForDeploymentPostprocessing = 0;
		};
		CD7F580D2281C8BD003E1D8D /* Frameworks */ = {
			isa = PBXFrameworksBuildPhase;
			buildActionMask = 2147483647;
			files = (
			);
			runOnlyForDeploymentPostprocessing = 0;
		};
/* End PBXFrameworksBuildPhase section */

/* Begin PBXGroup section */
		2B4302382283CBEA00BD0E0D /* Plugin */ = {
			isa = PBXGroup;
			children = (
				2B4302392283CC2900BD0E0D /* NewActivityPlugin.swift */,
			);
			path = Plugin;
			sourceTree = "<group>";
		};
		2B43023B22840D7B00BD0E0D /* Response */ = {
			isa = PBXGroup;
			children = (
				2B43023C22840D9000BD0E0D /* MyResponse.swift */,
			);
			path = Response;
			sourceTree = "<group>";
		};
		2B43023E22840E1600BD0E0D /* Manager */ = {
			isa = PBXGroup;
			children = (
				CD7F582B2282EDD1003E1D8D /* Network.swift */,
			);
			path = Manager;
			sourceTree = "<group>";
		};
		656DAA1BE812C831A17C0815 /* Frameworks */ = {
			isa = PBXGroup;
			children = (
				A6569695E0D94A80564D1C17 /* Pods_MoyaDemo.framework */,
			);
			name = Frameworks;
			sourceTree = "<group>";
		};
		CA686315A18CC45F471554E1 /* Pods */ = {
			isa = PBXGroup;
			children = (
				CDFDF817CB96EEBF3D023DA5 /* Pods-MoyaDemo.debug.xcconfig */,
				F110C8930368D52F296B014E /* Pods-MoyaDemo.release.xcconfig */,
			);
			name = Pods;
			sourceTree = "<group>";
		};
		CD7F57E82281C8BC003E1D8D = {
			isa = PBXGroup;
			children = (
				CD7F57F32281C8BC003E1D8D /* MoyaDemo */,
				CD7F58082281C8BD003E1D8D /* MoyaDemoTests */,
				CD7F58132281C8BD003E1D8D /* MoyaDemoUITests */,
				CD7F57F22281C8BC003E1D8D /* Products */,
				CA686315A18CC45F471554E1 /* Pods */,
				656DAA1BE812C831A17C0815 /* Frameworks */,
			);
			sourceTree = "<group>";
		};
		CD7F57F22281C8BC003E1D8D /* Products */ = {
			isa = PBXGroup;
			children = (
				CD7F57F12281C8BC003E1D8D /* MoyaDemo.app */,
				CD7F58052281C8BD003E1D8D /* MoyaDemoTests.xctest */,
				CD7F58102281C8BD003E1D8D /* MoyaDemoUITests.xctest */,
			);
			name = Products;
			sourceTree = "<group>";
		};
		CD7F57F32281C8BC003E1D8D /* MoyaDemo */ = {
			isa = PBXGroup;
			children = (
				2B43023E22840E1600BD0E0D /* Manager */,
				2B43023B22840D7B00BD0E0D /* Response */,
				2B4302382283CBEA00BD0E0D /* Plugin */,
				CD7F58262282BC4B003E1D8D /* Server */,
				CD7F582522828739003E1D8D /* Extension */,
				CD7F5824228283CC003E1D8D /* API */,
				CD7F57F42281C8BC003E1D8D /* AppDelegate.swift */,
				CD7F57F62281C8BC003E1D8D /* ViewController.swift */,
				CD7F57F82281C8BC003E1D8D /* Main.storyboard */,
				CD7F57FB2281C8BD003E1D8D /* Assets.xcassets */,
				CD7F57FD2281C8BD003E1D8D /* LaunchScreen.storyboard */,
				CD7F58002281C8BD003E1D8D /* Info.plist */,
			);
			path = MoyaDemo;
			sourceTree = "<group>";
		};
		CD7F58082281C8BD003E1D8D /* MoyaDemoTests */ = {
			isa = PBXGroup;
			children = (
				CD7F58092281C8BD003E1D8D /* MoyaDemoTests.swift */,
				CD7F580B2281C8BD003E1D8D /* Info.plist */,
			);
			path = MoyaDemoTests;
			sourceTree = "<group>";
		};
		CD7F58132281C8BD003E1D8D /* MoyaDemoUITests */ = {
			isa = PBXGroup;
			children = (
				CD7F58142281C8BD003E1D8D /* MoyaDemoUITests.swift */,
				CD7F58162281C8BD003E1D8D /* Info.plist */,
			);
			path = MoyaDemoUITests;
			sourceTree = "<group>";
		};
		CD7F5824228283CC003E1D8D /* API */ = {
			isa = PBXGroup;
			children = (
				CD7F58292282DBE8003E1D8D /* MyServerType.swift */,
				CD7F582D2283157E003E1D8D /* CommonAPI.swift */,
				CD7F5822228283C7003E1D8D /* UserModuleAPI.swift */,
			);
			path = API;
			sourceTree = "<group>";
		};
		CD7F582522828739003E1D8D /* Extension */ = {
			isa = PBXGroup;
			children = (
			);
			path = Extension;
			sourceTree = "<group>";
		};
		CD7F58262282BC4B003E1D8D /* Server */ = {
			isa = PBXGroup;
			children = (
				CD7F58272282BC68003E1D8D /* Server.swift */,
			);
			path = Server;
			sourceTree = "<group>";
		};
/* End PBXGroup section */

/* Begin PBXNativeTarget section */
		CD7F57F02281C8BC003E1D8D /* MoyaDemo */ = {
			isa = PBXNativeTarget;
			buildConfigurationList = CD7F58192281C8BD003E1D8D /* Build configuration list for PBXNativeTarget "MoyaDemo" */;
			buildPhases = (
				33D116E955EB6C88E21A7BF1 /* [CP] Check Pods Manifest.lock */,
				CD7F57ED2281C8BC003E1D8D /* Sources */,
				CD7F57EE2281C8BC003E1D8D /* Frameworks */,
				CD7F57EF2281C8BC003E1D8D /* Resources */,
				FD924A7E26EDAA5B8CC722D7 /* [CP] Embed Pods Frameworks */,
			);
			buildRules = (
			);
			dependencies = (
			);
			name = MoyaDemo;
			productName = MoyaDemo;
			productReference = CD7F57F12281C8BC003E1D8D /* MoyaDemo.app */;
			productType = "com.apple.product-type.application";
		};
		CD7F58042281C8BD003E1D8D /* MoyaDemoTests */ = {
			isa = PBXNativeTarget;
			buildConfigurationList = CD7F581C2281C8BD003E1D8D /* Build configuration list for PBXNativeTarget "MoyaDemoTests" */;
			buildPhases = (
				CD7F58012281C8BD003E1D8D /* Sources */,
				CD7F58022281C8BD003E1D8D /* Frameworks */,
				CD7F58032281C8BD003E1D8D /* Resources */,
			);
			buildRules = (
			);
			dependencies = (
				CD7F58072281C8BD003E1D8D /* PBXTargetDependency */,
			);
			name = MoyaDemoTests;
			productName = MoyaDemoTests;
			productReference = CD7F58052281C8BD003E1D8D /* MoyaDemoTests.xctest */;
			productType = "com.apple.product-type.bundle.unit-test";
		};
		CD7F580F2281C8BD003E1D8D /* MoyaDemoUITests */ = {
			isa = PBXNativeTarget;
			buildConfigurationList = CD7F581F2281C8BD003E1D8D /* Build configuration list for PBXNativeTarget "MoyaDemoUITests" */;
			buildPhases = (
				CD7F580C2281C8BD003E1D8D /* Sources */,
				CD7F580D2281C8BD003E1D8D /* Frameworks */,
				CD7F580E2281C8BD003E1D8D /* Resources */,
			);
			buildRules = (
			);
			dependencies = (
				CD7F58122281C8BD003E1D8D /* PBXTargetDependency */,
			);
			name = MoyaDemoUITests;
			productName = MoyaDemoUITests;
			productReference = CD7F58102281C8BD003E1D8D /* MoyaDemoUITests.xctest */;
			productType = "com.apple.product-type.bundle.ui-testing";
		};
/* End PBXNativeTarget section */

/* Begin PBXProject section */
		CD7F57E92281C8BC003E1D8D /* Project object */ = {
			isa = PBXProject;
			attributes = {
				LastSwiftUpdateCheck = 1020;
				LastUpgradeCheck = 1020;
				ORGANIZATIONNAME = chensx;
				TargetAttributes = {
					CD7F57F02281C8BC003E1D8D = {
						CreatedOnToolsVersion = 10.2.1;
					};
					CD7F58042281C8BD003E1D8D = {
						CreatedOnToolsVersion = 10.2.1;
						TestTargetID = CD7F57F02281C8BC003E1D8D;
					};
					CD7F580F2281C8BD003E1D8D = {
						CreatedOnToolsVersion = 10.2.1;
						TestTargetID = CD7F57F02281C8BC003E1D8D;
					};
				};
			};
			buildConfigurationList = CD7F57EC2281C8BC003E1D8D /* Build configuration list for PBXProject "MoyaDemo" */;
			compatibilityVersion = "Xcode 9.3";
			developmentRegion = en;
			hasScannedForEncodings = 0;
			knownRegions = (
				en,
				Base,
			);
			mainGroup = CD7F57E82281C8BC003E1D8D;
			productRefGroup = CD7F57F22281C8BC003E1D8D /* Products */;
			projectDirPath = "";
			projectRoot = "";
			targets = (
				CD7F57F02281C8BC003E1D8D /* MoyaDemo */,
				CD7F58042281C8BD003E1D8D /* MoyaDemoTests */,
				CD7F580F2281C8BD003E1D8D /* MoyaDemoUITests */,
			);
		};
/* End PBXProject section */

/* Begin PBXResourcesBuildPhase section */
		CD7F57EF2281C8BC003E1D8D /* Resources */ = {
			isa = PBXResourcesBuildPhase;
			buildActionMask = 2147483647;
			files = (
				CD7F57FF2281C8BD003E1D8D /* LaunchScreen.storyboard in Resources */,
				CD7F57FC2281C8BD003E1D8D /* Assets.xcassets in Resources */,
				CD7F57FA2281C8BC003E1D8D /* Main.storyboard in Resources */,
			);
			runOnlyForDeploymentPostprocessing = 0;
		};
		CD7F58032281C8BD003E1D8D /* Resources */ = {
			isa = PBXResourcesBuildPhase;
			buildActionMask = 2147483647;
			files = (
			);
			runOnlyForDeploymentPostprocessing = 0;
		};
		CD7F580E2281C8BD003E1D8D /* Resources */ = {
			isa = PBXResourcesBuildPhase;
			buildActionMask = 2147483647;
			files = (
			);
			runOnlyForDeploymentPostprocessing = 0;
		};
/* End PBXResourcesBuildPhase section */

/* Begin PBXShellScriptBuildPhase section */
		33D116E955EB6C88E21A7BF1 /* [CP] Check Pods Manifest.lock */ = {
			isa = PBXShellScriptBuildPhase;
			buildActionMask = 2147483647;
			files = (
			);
			inputPaths = (
				"${PODS_PODFILE_DIR_PATH}/Podfile.lock",
				"${PODS_ROOT}/Manifest.lock",
			);
			name = "[CP] Check Pods Manifest.lock";
			outputPaths = (
				"$(DERIVED_FILE_DIR)/Pods-MoyaDemo-checkManifestLockResult.txt",
			);
			runOnlyForDeploymentPostprocessing = 0;
			shellPath = /bin/sh;
			shellScript = "diff \"${PODS_PODFILE_DIR_PATH}/Podfile.lock\" \"${PODS_ROOT}/Manifest.lock\" > /dev/null\nif [ $? != 0 ] ; then\n    # print error to STDERR\n    echo \"error: The sandbox is not in sync with the Podfile.lock. Run 'pod install' or update your CocoaPods installation.\" >&2\n    exit 1\nfi\n# This output is used by Xcode 'outputs' to avoid re-running this script phase.\necho \"SUCCESS\" > \"${SCRIPT_OUTPUT_FILE_0}\"\n";
			showEnvVarsInLog = 0;
		};
		FD924A7E26EDAA5B8CC722D7 /* [CP] Embed Pods Frameworks */ = {
			isa = PBXShellScriptBuildPhase;
			buildActionMask = 2147483647;
			files = (
			);
			inputPaths = (
				"${SRCROOT}/Pods/Target Support Files/Pods-MoyaDemo/Pods-MoyaDemo-frameworks.sh",
				"${BUILT_PRODUCTS_DIR}/Alamofire/Alamofire.framework",
				"${BUILT_PRODUCTS_DIR}/Moya/Moya.framework",
				"${BUILT_PRODUCTS_DIR}/Result/Result.framework",
			);
			name = "[CP] Embed Pods Frameworks";
			outputPaths = (
				"${TARGET_BUILD_DIR}/${FRAMEWORKS_FOLDER_PATH}/Alamofire.framework",
				"${TARGET_BUILD_DIR}/${FRAMEWORKS_FOLDER_PATH}/Moya.framework",
				"${TARGET_BUILD_DIR}/${FRAMEWORKS_FOLDER_PATH}/Result.framework",
			);
			runOnlyForDeploymentPostprocessing = 0;
			shellPath = /bin/sh;
			shellScript = "\"${SRCROOT}/Pods/Target Support Files/Pods-MoyaDemo/Pods-MoyaDemo-frameworks.sh\"\n";
			showEnvVarsInLog = 0;
		};
/* End PBXShellScriptBuildPhase section */

/* Begin PBXSourcesBuildPhase section */
		CD7F57ED2281C8BC003E1D8D /* Sources */ = {
			isa = PBXSourcesBuildPhase;
			buildActionMask = 2147483647;
			files = (
				2B43023A2283CC2900BD0E0D /* NewActivityPlugin.swift in Sources */,
				CD7F57F72281C8BC003E1D8D /* ViewController.swift in Sources */,
				CD7F5823228283C7003E1D8D /* UserModuleAPI.swift in Sources */,
				CD7F582E2283157E003E1D8D /* CommonAPI.swift in Sources */,
				CD7F582C2282EDD1003E1D8D /* Network.swift in Sources */,
				CD7F58282282BC68003E1D8D /* Server.swift in Sources */,
				CD7F57F52281C8BC003E1D8D /* AppDelegate.swift in Sources */,
				CD7F582A2282DBE8003E1D8D /* MyServerType.swift in Sources */,
				2B43023D22840D9000BD0E0D /* MyResponse.swift in Sources */,
			);
			runOnlyForDeploymentPostprocessing = 0;
		};
		CD7F58012281C8BD003E1D8D /* Sources */ = {
			isa = PBXSourcesBuildPhase;
			buildActionMask = 2147483647;
			files = (
				CD7F580A2281C8BD003E1D8D /* MoyaDemoTests.swift in Sources */,
			);
			runOnlyForDeploymentPostprocessing = 0;
		};
		CD7F580C2281C8BD003E1D8D /* Sources */ = {
			isa = PBXSourcesBuildPhase;
			buildActionMask = 2147483647;
			files = (
				CD7F58152281C8BD003E1D8D /* MoyaDemoUITests.swift in Sources */,
			);
			runOnlyForDeploymentPostprocessing = 0;
		};
/* End PBXSourcesBuildPhase section */

/* Begin PBXTargetDependency section */
		CD7F58072281C8BD003E1D8D /* PBXTargetDependency */ = {
			isa = PBXTargetDependency;
			target = CD7F57F02281C8BC003E1D8D /* MoyaDemo */;
			targetProxy = CD7F58062281C8BD003E1D8D /* PBXContainerItemProxy */;
		};
		CD7F58122281C8BD003E1D8D /* PBXTargetDependency */ = {
			isa = PBXTargetDependency;
			target = CD7F57F02281C8BC003E1D8D /* MoyaDemo */;
			targetProxy = CD7F58112281C8BD003E1D8D /* PBXContainerItemProxy */;
		};
/* End PBXTargetDependency section */

/* Begin PBXVariantGroup section */
		CD7F57F82281C8BC003E1D8D /* Main.storyboard */ = {
			isa = PBXVariantGroup;
			children = (
				CD7F57F92281C8BC003E1D8D /* Base */,
			);
			name = Main.storyboard;
			sourceTree = "<group>";
		};
		CD7F57FD2281C8BD003E1D8D /* LaunchScreen.storyboard */ = {
			isa = PBXVariantGroup;
			children = (
				CD7F57FE2281C8BD003E1D8D /* Base */,
			);
			name = LaunchScreen.storyboard;
			sourceTree = "<group>";
		};
/* End PBXVariantGroup section */

/* Begin XCBuildConfiguration section */
		CD7F58172281C8BD003E1D8D /* Debug */ = {
			isa = XCBuildConfiguration;
			buildSettings = {
				ALWAYS_SEARCH_USER_PATHS = NO;
				CLANG_ANALYZER_NONNULL = YES;
				CLANG_ANALYZER_NUMBER_OBJECT_CONVERSION = YES_AGGRESSIVE;
				CLANG_CXX_LANGUAGE_STANDARD = "gnu++14";
				CLANG_CXX_LIBRARY = "libc++";
				CLANG_ENABLE_MODULES = YES;
				CLANG_ENABLE_OBJC_ARC = YES;
				CLANG_ENABLE_OBJC_WEAK = YES;
				CLANG_WARN_BLOCK_CAPTURE_AUTORELEASING = YES;
				CLANG_WARN_BOOL_CONVERSION = YES;
				CLANG_WARN_COMMA = YES;
				CLANG_WARN_CONSTANT_CONVERSION = YES;
				CLANG_WARN_DEPRECATED_OBJC_IMPLEMENTATIONS = YES;
				CLANG_WARN_DIRECT_OBJC_ISA_USAGE = YES_ERROR;
				CLANG_WARN_DOCUMENTATION_COMMENTS = YES;
				CLANG_WARN_EMPTY_BODY = YES;
				CLANG_WARN_ENUM_CONVERSION = YES;
				CLANG_WARN_INFINITE_RECURSION = YES;
				CLANG_WARN_INT_CONVERSION = YES;
				CLANG_WARN_NON_LITERAL_NULL_CONVERSION = YES;
				CLANG_WARN_OBJC_IMPLICIT_RETAIN_SELF = YES;
				CLANG_WARN_OBJC_LITERAL_CONVERSION = YES;
				CLANG_WARN_OBJC_ROOT_CLASS = YES_ERROR;
				CLANG_WARN_RANGE_LOOP_ANALYSIS = YES;
				CLANG_WARN_STRICT_PROTOTYPES = YES;
				CLANG_WARN_SUSPICIOUS_MOVE = YES;
				CLANG_WARN_UNGUARDED_AVAILABILITY = YES_AGGRESSIVE;
				CLANG_WARN_UNREACHABLE_CODE = YES;
				CLANG_WARN__DUPLICATE_METHOD_MATCH = YES;
				CODE_SIGN_IDENTITY = "iPhone Developer";
				COPY_PHASE_STRIP = NO;
				DEBUG_INFORMATION_FORMAT = dwarf;
				ENABLE_STRICT_OBJC_MSGSEND = YES;
				ENABLE_TESTABILITY = YES;
				GCC_C_LANGUAGE_STANDARD = gnu11;
				GCC_DYNAMIC_NO_PIC = NO;
				GCC_NO_COMMON_BLOCKS = YES;
				GCC_OPTIMIZATION_LEVEL = 0;
				GCC_PREPROCESSOR_DEFINITIONS = (
					"DEBUG=1",
					"$(inherited)",
				);
				GCC_WARN_64_TO_32_BIT_CONVERSION = YES;
				GCC_WARN_ABOUT_RETURN_TYPE = YES_ERROR;
				GCC_WARN_UNDECLARED_SELECTOR = YES;
				GCC_WARN_UNINITIALIZED_AUTOS = YES_AGGRESSIVE;
				GCC_WARN_UNUSED_FUNCTION = YES;
				GCC_WARN_UNUSED_VARIABLE = YES;
				IPHONEOS_DEPLOYMENT_TARGET = 12.2;
				MTL_ENABLE_DEBUG_INFO = INCLUDE_SOURCE;
				MTL_FAST_MATH = YES;
				ONLY_ACTIVE_ARCH = YES;
				SDKROOT = iphoneos;
				SWIFT_ACTIVE_COMPILATION_CONDITIONS = DEBUG;
				SWIFT_OPTIMIZATION_LEVEL = "-Onone";
			};
			name = Debug;
		};
		CD7F58182281C8BD003E1D8D /* Release */ = {
			isa = XCBuildConfiguration;
			buildSettings = {
				ALWAYS_SEARCH_USER_PATHS = NO;
				CLANG_ANALYZER_NONNULL = YES;
				CLANG_ANALYZER_NUMBER_OBJECT_CONVERSION = YES_AGGRESSIVE;
				CLANG_CXX_LANGUAGE_STANDARD = "gnu++14";
				CLANG_CXX_LIBRARY = "libc++";
				CLANG_ENABLE_MODULES = YES;
				CLANG_ENABLE_OBJC_ARC = YES;
				CLANG_ENABLE_OBJC_WEAK = YES;
				CLANG_WARN_BLOCK_CAPTURE_AUTORELEASING = YES;
				CLANG_WARN_BOOL_CONVERSION = YES;
				CLANG_WARN_COMMA = YES;
				CLANG_WARN_CONSTANT_CONVERSION = YES;
				CLANG_WARN_DEPRECATED_OBJC_IMPLEMENTATIONS = YES;
				CLANG_WARN_DIRECT_OBJC_ISA_USAGE = YES_ERROR;
				CLANG_WARN_DOCUMENTATION_COMMENTS = YES;
				CLANG_WARN_EMPTY_BODY = YES;
				CLANG_WARN_ENUM_CONVERSION = YES;
				CLANG_WARN_INFINITE_RECURSION = YES;
				CLANG_WARN_INT_CONVERSION = YES;
				CLANG_WARN_NON_LITERAL_NULL_CONVERSION = YES;
				CLANG_WARN_OBJC_IMPLICIT_RETAIN_SELF = YES;
				CLANG_WARN_OBJC_LITERAL_CONVERSION = YES;
				CLANG_WARN_OBJC_ROOT_CLASS = YES_ERROR;
				CLANG_WARN_RANGE_LOOP_ANALYSIS = YES;
				CLANG_WARN_STRICT_PROTOTYPES = YES;
				CLANG_WARN_SUSPICIOUS_MOVE = YES;
				CLANG_WARN_UNGUARDED_AVAILABILITY = YES_AGGRESSIVE;
				CLANG_WARN_UNREACHABLE_CODE = YES;
				CLANG_WARN__DUPLICATE_METHOD_MATCH = YES;
				CODE_SIGN_IDENTITY = "iPhone Developer";
				COPY_PHASE_STRIP = NO;
				DEBUG_INFORMATION_FORMAT = "dwarf-with-dsym";
				ENABLE_NS_ASSERTIONS = NO;
				ENABLE_STRICT_OBJC_MSGSEND = YES;
				GCC_C_LANGUAGE_STANDARD = gnu11;
				GCC_NO_COMMON_BLOCKS = YES;
				GCC_WARN_64_TO_32_BIT_CONVERSION = YES;
				GCC_WARN_ABOUT_RETURN_TYPE = YES_ERROR;
				GCC_WARN_UNDECLARED_SELECTOR = YES;
				GCC_WARN_UNINITIALIZED_AUTOS = YES_AGGRESSIVE;
				GCC_WARN_UNUSED_FUNCTION = YES;
				GCC_WARN_UNUSED_VARIABLE = YES;
				IPHONEOS_DEPLOYMENT_TARGET = 12.2;
				MTL_ENABLE_DEBUG_INFO = NO;
				MTL_FAST_MATH = YES;
				SDKROOT = iphoneos;
				SWIFT_COMPILATION_MODE = wholemodule;
				SWIFT_OPTIMIZATION_LEVEL = "-O";
				VALIDATE_PRODUCT = YES;
			};
			name = Release;
		};
		CD7F581A2281C8BD003E1D8D /* Debug */ = {
			isa = XCBuildConfiguration;
			baseConfigurationReference = CDFDF817CB96EEBF3D023DA5 /* Pods-MoyaDemo.debug.xcconfig */;
			buildSettings = {
				ASSETCATALOG_COMPILER_APPICON_NAME = AppIcon;
				CODE_SIGN_STYLE = Automatic;
				DEVELOPMENT_TEAM = X83ZETG4A4;
				INFOPLIST_FILE = MoyaDemo/Info.plist;
				LD_RUNPATH_SEARCH_PATHS = (
					"$(inherited)",
					"@executable_path/Frameworks",
				);
				PRODUCT_BUNDLE_IDENTIFIER = com.chensx.app.MoyaDemo;
				PRODUCT_NAME = "$(TARGET_NAME)";
				SWIFT_VERSION = 5.0;
				TARGETED_DEVICE_FAMILY = "1,2";
			};
			name = Debug;
		};
		CD7F581B2281C8BD003E1D8D /* Release */ = {
			isa = XCBuildConfiguration;
			baseConfigurationReference = F110C8930368D52F296B014E /* Pods-MoyaDemo.release.xcconfig */;
			buildSettings = {
				ASSETCATALOG_COMPILER_APPICON_NAME = AppIcon;
				CODE_SIGN_STYLE = Automatic;
				DEVELOPMENT_TEAM = X83ZETG4A4;
				INFOPLIST_FILE = MoyaDemo/Info.plist;
				LD_RUNPATH_SEARCH_PATHS = (
					"$(inherited)",
					"@executable_path/Frameworks",
				);
				PRODUCT_BUNDLE_IDENTIFIER = com.chensx.app.MoyaDemo;
				PRODUCT_NAME = "$(TARGET_NAME)";
				SWIFT_VERSION = 5.0;
				TARGETED_DEVICE_FAMILY = "1,2";
			};
			name = Release;
		};
		CD7F581D2281C8BD003E1D8D /* Debug */ = {
			isa = XCBuildConfiguration;
			buildSettings = {
				ALWAYS_EMBED_SWIFT_STANDARD_LIBRARIES = YES;
				BUNDLE_LOADER = "$(TEST_HOST)";
				CODE_SIGN_STYLE = Automatic;
				DEVELOPMENT_TEAM = X83ZETG4A4;
				INFOPLIST_FILE = MoyaDemoTests/Info.plist;
				LD_RUNPATH_SEARCH_PATHS = (
					"$(inherited)",
					"@executable_path/Frameworks",
					"@loader_path/Frameworks",
				);
				PRODUCT_BUNDLE_IDENTIFIER = com.chensx.app.MoyaDemoTests;
				PRODUCT_NAME = "$(TARGET_NAME)";
				SWIFT_VERSION = 5.0;
				TARGETED_DEVICE_FAMILY = "1,2";
				TEST_HOST = "$(BUILT_PRODUCTS_DIR)/MoyaDemo.app/MoyaDemo";
			};
			name = Debug;
		};
		CD7F581E2281C8BD003E1D8D /* Release */ = {
			isa = XCBuildConfiguration;
			buildSettings = {
				ALWAYS_EMBED_SWIFT_STANDARD_LIBRARIES = YES;
				BUNDLE_LOADER = "$(TEST_HOST)";
				CODE_SIGN_STYLE = Automatic;
				DEVELOPMENT_TEAM = X83ZETG4A4;
				INFOPLIST_FILE = MoyaDemoTests/Info.plist;
				LD_RUNPATH_SEARCH_PATHS = (
					"$(inherited)",
					"@executable_path/Frameworks",
					"@loader_path/Frameworks",
				);
				PRODUCT_BUNDLE_IDENTIFIER = com.chensx.app.MoyaDemoTests;
				PRODUCT_NAME = "$(TARGET_NAME)";
				SWIFT_VERSION = 5.0;
				TARGETED_DEVICE_FAMILY = "1,2";
				TEST_HOST = "$(BUILT_PRODUCTS_DIR)/MoyaDemo.app/MoyaDemo";
			};
			name = Release;
		};
		CD7F58202281C8BD003E1D8D /* Debug */ = {
			isa = XCBuildConfiguration;
			buildSettings = {
				ALWAYS_EMBED_SWIFT_STANDARD_LIBRARIES = YES;
				CODE_SIGN_STYLE = Automatic;
				DEVELOPMENT_TEAM = X83ZETG4A4;
				INFOPLIST_FILE = MoyaDemoUITests/Info.plist;
				LD_RUNPATH_SEARCH_PATHS = (
					"$(inherited)",
					"@executable_path/Frameworks",
					"@loader_path/Frameworks",
				);
				PRODUCT_BUNDLE_IDENTIFIER = com.chensx.app.MoyaDemoUITests;
				PRODUCT_NAME = "$(TARGET_NAME)";
				SWIFT_VERSION = 5.0;
				TARGETED_DEVICE_FAMILY = "1,2";
				TEST_TARGET_NAME = MoyaDemo;
			};
			name = Debug;
		};
		CD7F58212281C8BD003E1D8D /* Release */ = {
			isa = XCBuildConfiguration;
			buildSettings = {
				ALWAYS_EMBED_SWIFT_STANDARD_LIBRARIES = YES;
				CODE_SIGN_STYLE = Automatic;
				DEVELOPMENT_TEAM = X83ZETG4A4;
				INFOPLIST_FILE = MoyaDemoUITests/Info.plist;
				LD_RUNPATH_SEARCH_PATHS = (
					"$(inherited)",
					"@executable_path/Frameworks",
					"@loader_path/Frameworks",
				);
				PRODUCT_BUNDLE_IDENTIFIER = com.chensx.app.MoyaDemoUITests;
				PRODUCT_NAME = "$(TARGET_NAME)";
				SWIFT_VERSION = 5.0;
				TARGETED_DEVICE_FAMILY = "1,2";
				TEST_TARGET_NAME = MoyaDemo;
			};
			name = Release;
		};
/* End XCBuildConfiguration section */

/* Begin XCConfigurationList section */
		CD7F57EC2281C8BC003E1D8D /* Build configuration list for PBXProject "MoyaDemo" */ = {
			isa = XCConfigurationList;
			buildConfigurations = (
				CD7F58172281C8BD003E1D8D /* Debug */,
				CD7F58182281C8BD003E1D8D /* Release */,
			);
			defaultConfigurationIsVisible = 0;
			defaultConfigurationName = Release;
		};
		CD7F58192281C8BD003E1D8D /* Build configuration list for PBXNativeTarget "MoyaDemo" */ = {
			isa = XCConfigurationList;
			buildConfigurations = (
				CD7F581A2281C8BD003E1D8D /* Debug */,
				CD7F581B2281C8BD003E1D8D /* Release */,
			);
			defaultConfigurationIsVisible = 0;
			defaultConfigurationName = Release;
		};
		CD7F581C2281C8BD003E1D8D /* Build configuration list for PBXNativeTarget "MoyaDemoTests" */ = {
			isa = XCConfigurationList;
			buildConfigurations = (
				CD7F581D2281C8BD003E1D8D /* Debug */,
				CD7F581E2281C8BD003E1D8D /* Release */,
			);
			defaultConfigurationIsVisible = 0;
			defaultConfigurationName = Release;
		};
		CD7F581F2281C8BD003E1D8D /* Build configuration list for PBXNativeTarget "MoyaDemoUITests" */ = {
			isa = XCConfigurationList;
			buildConfigurations = (
				CD7F58202281C8BD003E1D8D /* Debug */,
				CD7F58212281C8BD003E1D8D /* Release */,
			);
			defaultConfigurationIsVisible = 0;
			defaultConfigurationName = Release;
		};
/* End XCConfigurationList section */
	};
	rootObject = CD7F57E92281C8BC003E1D8D /* Project object */;
}
